// !$*UTF8*$!
{
	archiveVersion = 1;
	classes = {
	};
	objectVersion = 46;
	objects = {

/* Begin PBXBuildFile section */
		4411E5CA1EA6B057005B1DA7 /* YahooStocksAPI.swift in Sources */ = {isa = PBXBuildFile; fileRef = 4411E5C91EA6B057005B1DA7 /* YahooStocksAPI.swift */; };
		4411E5CC1EA6B1D1005B1DA7 /* AlphaVantageAPI.swift in Sources */ = {isa = PBXBuildFile; fileRef = 4411E5CB1EA6B1D1005B1DA7 /* AlphaVantageAPI.swift */; };
		442D4FE81EA1929000F04DC9 /* Stock.swift in Sources */ = {isa = PBXBuildFile; fileRef = 442D4FE71EA1929000F04DC9 /* Stock.swift */; };
		442D4FEA1EA1DF9600F04DC9 /* TradesViewer.swift in Sources */ = {isa = PBXBuildFile; fileRef = 442D4FE91EA1DF9600F04DC9 /* TradesViewer.swift */; };
		443DEAB61EA54ABF0069A3CA /* StockBuy.swift in Sources */ = {isa = PBXBuildFile; fileRef = 443DEAB51EA54ABF0069A3CA /* StockBuy.swift */; };
		4447E23E1EB072250071C66E /* NASDAQ.txt in Resources */ = {isa = PBXBuildFile; fileRef = 4447E23D1EB072250071C66E /* NASDAQ.txt */; };
		4447E2401EB124410071C66E /* Main.storyboard in Resources */ = {isa = PBXBuildFile; fileRef = 4447E23F1EB124410071C66E /* Main.storyboard */; };
		448AF2D91E9B255C0020E44B /* PortfolioTableCell.swift in Sources */ = {isa = PBXBuildFile; fileRef = 448AF2D81E9B255C0020E44B /* PortfolioTableCell.swift */; };
		448AF2DD1E9B3C310020E44B /* DateEditorView.swift in Sources */ = {isa = PBXBuildFile; fileRef = 448AF2DC1E9B3C300020E44B /* DateEditorView.swift */; };
		448AF2DF1E9C48A90020E44B /* SettingsViewController.swift in Sources */ = {isa = PBXBuildFile; fileRef = 448AF2DE1E9C48A90020E44B /* SettingsViewController.swift */; };
		449E20991EA6E09B00DAB216 /* TradeEditorViewViewController.swift in Sources */ = {isa = PBXBuildFile; fileRef = 449E20981EA6E09B00DAB216 /* TradeEditorViewViewController.swift */; };
		449E209B1EA6EE1600DAB216 /* GoogleFinanceAPI.swift in Sources */ = {isa = PBXBuildFile; fileRef = 449E209A1EA6EE1600DAB216 /* GoogleFinanceAPI.swift */; };
		449E20F61EA9811F00DAB216 /* SwiftyJSON.swift in Sources */ = {isa = PBXBuildFile; fileRef = 449E20F51EA9811F00DAB216 /* SwiftyJSON.swift */; };
		449E21381EAD5CBC00DAB216 /* StockList.swift in Sources */ = {isa = PBXBuildFile; fileRef = 449E21371EAD5CBC00DAB216 /* StockList.swift */; };
		449E213E1EAD9F1500DAB216 /* FIlterTradesViewController.swift in Sources */ = {isa = PBXBuildFile; fileRef = 449E213D1EAD9F1500DAB216 /* FIlterTradesViewController.swift */; };
		44E2B7B51E9AD8CF001EC4A5 /* AppDelegate.swift in Sources */ = {isa = PBXBuildFile; fileRef = 44E2B7B41E9AD8CF001EC4A5 /* AppDelegate.swift */; };
		44E2B7B71E9AD8CF001EC4A5 /* ViewController.swift in Sources */ = {isa = PBXBuildFile; fileRef = 44E2B7B61E9AD8CF001EC4A5 /* ViewController.swift */; };
		44E2B7BC1E9AD8CF001EC4A5 /* Assets.xcassets in Resources */ = {isa = PBXBuildFile; fileRef = 44E2B7BB1E9AD8CF001EC4A5 /* Assets.xcassets */; };
		44E2B7BF1E9AD8CF001EC4A5 /* LaunchScreen.storyboard in Resources */ = {isa = PBXBuildFile; fileRef = 44E2B7BD1E9AD8CF001EC4A5 /* LaunchScreen.storyboard */; };
		44E2B7CA1E9AD8CF001EC4A5 /* stockAppTests.swift in Sources */ = {isa = PBXBuildFile; fileRef = 44E2B7C91E9AD8CF001EC4A5 /* stockAppTests.swift */; };
		44E2B7D51E9AD8CF001EC4A5 /* stockAppUITests.swift in Sources */ = {isa = PBXBuildFile; fileRef = 44E2B7D41E9AD8CF001EC4A5 /* stockAppUITests.swift */; };
		44E2B7E31E9AE3B8001EC4A5 /* StockStore.swift in Sources */ = {isa = PBXBuildFile; fileRef = 44E2B7E21E9AE3B8001EC4A5 /* StockStore.swift */; };
		44E2B7ED1E9B030D001EC4A5 /* TodayTableCell.swift in Sources */ = {isa = PBXBuildFile; fileRef = 44E2B7EC1E9B030D001EC4A5 /* TodayTableCell.swift */; };
		44EA9D711EC0162600308F08 /* NYSE.txt in Resources */ = {isa = PBXBuildFile; fileRef = 44EA9D701EC0162600308F08 /* NYSE.txt */; };
/* End PBXBuildFile section */

/* Begin PBXContainerItemProxy section */
		44E2B7C61E9AD8CF001EC4A5 /* PBXContainerItemProxy */ = {
			isa = PBXContainerItemProxy;
			containerPortal = 44E2B7A91E9AD8CF001EC4A5 /* Project object */;
			proxyType = 1;
			remoteGlobalIDString = 44E2B7B01E9AD8CF001EC4A5;
			remoteInfo = stockApp;
		};
		44E2B7D11E9AD8CF001EC4A5 /* PBXContainerItemProxy */ = {
			isa = PBXContainerItemProxy;
			containerPortal = 44E2B7A91E9AD8CF001EC4A5 /* Project object */;
			proxyType = 1;
			remoteGlobalIDString = 44E2B7B01E9AD8CF001EC4A5;
			remoteInfo = stockApp;
		};
/* End PBXContainerItemProxy section */

/* Begin PBXFileReference section */
		4411E5C91EA6B057005B1DA7 /* YahooStocksAPI.swift */ = {isa = PBXFileReference; fileEncoding = 4; lastKnownFileType = sourcecode.swift; path = YahooStocksAPI.swift; sourceTree = "<group>"; };
		4411E5CB1EA6B1D1005B1DA7 /* AlphaVantageAPI.swift */ = {isa = PBXFileReference; fileEncoding = 4; lastKnownFileType = sourcecode.swift; path = AlphaVantageAPI.swift; sourceTree = "<group>"; };
		442D4FE71EA1929000F04DC9 /* Stock.swift */ = {isa = PBXFileReference; fileEncoding = 4; lastKnownFileType = sourcecode.swift; path = Stock.swift; sourceTree = "<group>"; };
		442D4FE91EA1DF9600F04DC9 /* TradesViewer.swift */ = {isa = PBXFileReference; fileEncoding = 4; lastKnownFileType = sourcecode.swift; path = TradesViewer.swift; sourceTree = "<group>"; };
		443DEAB51EA54ABF0069A3CA /* StockBuy.swift */ = {isa = PBXFileReference; fileEncoding = 4; lastKnownFileType = sourcecode.swift; path = StockBuy.swift; sourceTree = "<group>"; };
		4447E23D1EB072250071C66E /* NASDAQ.txt */ = {isa = PBXFileReference; fileEncoding = 4; lastKnownFileType = text; path = NASDAQ.txt; sourceTree = "<group>"; };
		4447E23F1EB124410071C66E /* Main.storyboard */ = {isa = PBXFileReference; fileEncoding = 4; lastKnownFileType = file.storyboard; path = Main.storyboard; sourceTree = "<group>"; };
		448AF2D81E9B255C0020E44B /* PortfolioTableCell.swift */ = {isa = PBXFileReference; fileEncoding = 4; lastKnownFileType = sourcecode.swift; path = PortfolioTableCell.swift; sourceTree = "<group>"; };
		448AF2DC1E9B3C300020E44B /* DateEditorView.swift */ = {isa = PBXFileReference; fileEncoding = 4; lastKnownFileType = sourcecode.swift; path = DateEditorView.swift; sourceTree = "<group>"; };
		448AF2DE1E9C48A90020E44B /* SettingsViewController.swift */ = {isa = PBXFileReference; fileEncoding = 4; lastKnownFileType = sourcecode.swift; path = SettingsViewController.swift; sourceTree = "<group>"; };
		449E20981EA6E09B00DAB216 /* TradeEditorViewViewController.swift */ = {isa = PBXFileReference; fileEncoding = 4; lastKnownFileType = sourcecode.swift; path = TradeEditorViewViewController.swift; sourceTree = "<group>"; };
		449E209A1EA6EE1600DAB216 /* GoogleFinanceAPI.swift */ = {isa = PBXFileReference; fileEncoding = 4; lastKnownFileType = sourcecode.swift; path = GoogleFinanceAPI.swift; sourceTree = "<group>"; };
		449E20F51EA9811F00DAB216 /* SwiftyJSON.swift */ = {isa = PBXFileReference; fileEncoding = 4; lastKnownFileType = sourcecode.swift; path = SwiftyJSON.swift; sourceTree = "<group>"; };
		449E21371EAD5CBC00DAB216 /* StockList.swift */ = {isa = PBXFileReference; fileEncoding = 4; lastKnownFileType = sourcecode.swift; path = StockList.swift; sourceTree = "<group>"; };
		449E213D1EAD9F1500DAB216 /* FIlterTradesViewController.swift */ = {isa = PBXFileReference; fileEncoding = 4; lastKnownFileType = sourcecode.swift; path = FIlterTradesViewController.swift; sourceTree = "<group>"; };
		44E2B7B11E9AD8CF001EC4A5 /* stockApp.app */ = {isa = PBXFileReference; explicitFileType = wrapper.application; includeInIndex = 0; path = stockApp.app; sourceTree = BUILT_PRODUCTS_DIR; };
		44E2B7B41E9AD8CF001EC4A5 /* AppDelegate.swift */ = {isa = PBXFileReference; lastKnownFileType = sourcecode.swift; path = AppDelegate.swift; sourceTree = "<group>"; };
		44E2B7B61E9AD8CF001EC4A5 /* ViewController.swift */ = {isa = PBXFileReference; lastKnownFileType = sourcecode.swift; path = ViewController.swift; sourceTree = "<group>"; };
		44E2B7BB1E9AD8CF001EC4A5 /* Assets.xcassets */ = {isa = PBXFileReference; lastKnownFileType = folder.assetcatalog; path = Assets.xcassets; sourceTree = "<group>"; };
		44E2B7BE1E9AD8CF001EC4A5 /* Base */ = {isa = PBXFileReference; lastKnownFileType = file.storyboard; name = Base; path = Base.lproj/LaunchScreen.storyboard; sourceTree = "<group>"; };
		44E2B7C01E9AD8CF001EC4A5 /* Info.plist */ = {isa = PBXFileReference; lastKnownFileType = text.plist.xml; path = Info.plist; sourceTree = "<group>"; };
		44E2B7C51E9AD8CF001EC4A5 /* stockAppTests.xctest */ = {isa = PBXFileReference; explicitFileType = wrapper.cfbundle; includeInIndex = 0; path = stockAppTests.xctest; sourceTree = BUILT_PRODUCTS_DIR; };
		44E2B7C91E9AD8CF001EC4A5 /* stockAppTests.swift */ = {isa = PBXFileReference; lastKnownFileType = sourcecode.swift; path = stockAppTests.swift; sourceTree = "<group>"; };
		44E2B7CB1E9AD8CF001EC4A5 /* Info.plist */ = {isa = PBXFileReference; lastKnownFileType = text.plist.xml; path = Info.plist; sourceTree = "<group>"; };
		44E2B7D01E9AD8CF001EC4A5 /* stockAppUITests.xctest */ = {isa = PBXFileReference; explicitFileType = wrapper.cfbundle; includeInIndex = 0; path = stockAppUITests.xctest; sourceTree = BUILT_PRODUCTS_DIR; };
		44E2B7D41E9AD8CF001EC4A5 /* stockAppUITests.swift */ = {isa = PBXFileReference; lastKnownFileType = sourcecode.swift; path = stockAppUITests.swift; sourceTree = "<group>"; };
		44E2B7D61E9AD8CF001EC4A5 /* Info.plist */ = {isa = PBXFileReference; lastKnownFileType = text.plist.xml; path = Info.plist; sourceTree = "<group>"; };
		44E2B7E21E9AE3B8001EC4A5 /* StockStore.swift */ = {isa = PBXFileReference; fileEncoding = 4; lastKnownFileType = sourcecode.swift; path = StockStore.swift; sourceTree = "<group>"; };
		44E2B7EC1E9B030D001EC4A5 /* TodayTableCell.swift */ = {isa = PBXFileReference; fileEncoding = 4; lastKnownFileType = sourcecode.swift; path = TodayTableCell.swift; sourceTree = "<group>"; };
		44EA9D701EC0162600308F08 /* NYSE.txt */ = {isa = PBXFileReference; fileEncoding = 4; lastKnownFileType = text; path = NYSE.txt; sourceTree = "<group>"; };
/* End PBXFileReference section */

/* Begin PBXFrameworksBuildPhase section */
		44E2B7AE1E9AD8CF001EC4A5 /* Frameworks */ = {
			isa = PBXFrameworksBuildPhase;
			buildActionMask = 2147483647;
			files = (
			);
			runOnlyForDeploymentPostprocessing = 0;
		};
		44E2B7C21E9AD8CF001EC4A5 /* Frameworks */ = {
			isa = PBXFrameworksBuildPhase;
			buildActionMask = 2147483647;
			files = (
			);
			runOnlyForDeploymentPostprocessing = 0;
		};
		44E2B7CD1E9AD8CF001EC4A5 /* Frameworks */ = {
			isa = PBXFrameworksBuildPhase;
			buildActionMask = 2147483647;
			files = (
			);
			runOnlyForDeploymentPostprocessing = 0;
		};
/* End PBXFrameworksBuildPhase section */

/* Begin PBXGroup section */
		4405898A1ED7629B00AEB1FD /* 3rd Party Libraries */ = {
			isa = PBXGroup;
			children = (
				449E20F51EA9811F00DAB216 /* SwiftyJSON.swift */,
			);
			name = "3rd Party Libraries";
			sourceTree = "<group>";
		};
		443DEAB71EA54AC80069A3CA /* Stock Model Objects */ = {
			isa = PBXGroup;
			children = (
				44E2B7E21E9AE3B8001EC4A5 /* StockStore.swift */,
				442D4FE71EA1929000F04DC9 /* Stock.swift */,
				443DEAB51EA54ABF0069A3CA /* StockBuy.swift */,
				449E21371EAD5CBC00DAB216 /* StockList.swift */,
				4411E5CB1EA6B1D1005B1DA7 /* AlphaVantageAPI.swift */,
				449E209A1EA6EE1600DAB216 /* GoogleFinanceAPI.swift */,
				4411E5C91EA6B057005B1DA7 /* YahooStocksAPI.swift */,
			);
			name = "Stock Model Objects";
			sourceTree = "<group>";
		};
		448AF2E01E9C53370020E44B /* View Controllers */ = {
			isa = PBXGroup;
			children = (
				44E2B7B61E9AD8CF001EC4A5 /* ViewController.swift */,
				449E20981EA6E09B00DAB216 /* TradeEditorViewViewController.swift */,
				449E213D1EAD9F1500DAB216 /* FIlterTradesViewController.swift */,
				448AF2DC1E9B3C300020E44B /* DateEditorView.swift */,
				442D4FE91EA1DF9600F04DC9 /* TradesViewer.swift */,
				448AF2DE1E9C48A90020E44B /* SettingsViewController.swift */,
			);
			name = "View Controllers";
			sourceTree = "<group>";
		};
		448AF2E21E9C53610020E44B /* Table Cells */ = {
			isa = PBXGroup;
			children = (
				44E2B7EC1E9B030D001EC4A5 /* TodayTableCell.swift */,
				448AF2D81E9B255C0020E44B /* PortfolioTableCell.swift */,
			);
			name = "Table Cells";
			sourceTree = "<group>";
		};
		44E2B7A81E9AD8CF001EC4A5 = {
			isa = PBXGroup;
			children = (
				44E2B7B31E9AD8CF001EC4A5 /* stockApp */,
				44E2B7C81E9AD8CF001EC4A5 /* stockAppTests */,
				44E2B7D31E9AD8CF001EC4A5 /* stockAppUITests */,
				44E2B7B21E9AD8CF001EC4A5 /* Products */,
			);
			sourceTree = "<group>";
		};
		44E2B7B21E9AD8CF001EC4A5 /* Products */ = {
			isa = PBXGroup;
			children = (
				44E2B7B11E9AD8CF001EC4A5 /* stockApp.app */,
				44E2B7C51E9AD8CF001EC4A5 /* stockAppTests.xctest */,
				44E2B7D01E9AD8CF001EC4A5 /* stockAppUITests.xctest */,
			);
			name = Products;
			sourceTree = "<group>";
		};
		44E2B7B31E9AD8CF001EC4A5 /* stockApp */ = {
			isa = PBXGroup;
			children = (
				4447E23F1EB124410071C66E /* Main.storyboard */,
				44E2B7B41E9AD8CF001EC4A5 /* AppDelegate.swift */,
				448AF2E01E9C53370020E44B /* View Controllers */,
				443DEAB71EA54AC80069A3CA /* Stock Model Objects */,
				448AF2E21E9C53610020E44B /* Table Cells */,
				4405898A1ED7629B00AEB1FD /* 3rd Party Libraries */,
				44E2B7BD1E9AD8CF001EC4A5 /* LaunchScreen.storyboard */,
				44E2B7BB1E9AD8CF001EC4A5 /* Assets.xcassets */,
				44E2B7C01E9AD8CF001EC4A5 /* Info.plist */,
				4447E23D1EB072250071C66E /* NASDAQ.txt */,
				44EA9D701EC0162600308F08 /* NYSE.txt */,
			);
			path = stockApp;
			sourceTree = "<group>";
		};
		44E2B7C81E9AD8CF001EC4A5 /* stockAppTests */ = {
			isa = PBXGroup;
			children = (
				44E2B7C91E9AD8CF001EC4A5 /* stockAppTests.swift */,
				44E2B7CB1E9AD8CF001EC4A5 /* Info.plist */,
			);
			path = stockAppTests;
			sourceTree = "<group>";
		};
		44E2B7D31E9AD8CF001EC4A5 /* stockAppUITests */ = {
			isa = PBXGroup;
			children = (
				44E2B7D41E9AD8CF001EC4A5 /* stockAppUITests.swift */,
				44E2B7D61E9AD8CF001EC4A5 /* Info.plist */,
			);
			path = stockAppUITests;
			sourceTree = "<group>";
		};
/* End PBXGroup section */

/* Begin PBXNativeTarget section */
		44E2B7B01E9AD8CF001EC4A5 /* stockApp */ = {
			isa = PBXNativeTarget;
			buildConfigurationList = 44E2B7D91E9AD8CF001EC4A5 /* Build configuration list for PBXNativeTarget "stockApp" */;
			buildPhases = (
				44E2B7AD1E9AD8CF001EC4A5 /* Sources */,
				44E2B7AE1E9AD8CF001EC4A5 /* Frameworks */,
				44E2B7AF1E9AD8CF001EC4A5 /* Resources */,
			);
			buildRules = (
			);
			dependencies = (
			);
			name = stockApp;
			productName = stockApp;
			productReference = 44E2B7B11E9AD8CF001EC4A5 /* stockApp.app */;
			productType = "com.apple.product-type.application";
		};
		44E2B7C41E9AD8CF001EC4A5 /* stockAppTests */ = {
			isa = PBXNativeTarget;
			buildConfigurationList = 44E2B7DC1E9AD8CF001EC4A5 /* Build configuration list for PBXNativeTarget "stockAppTests" */;
			buildPhases = (
				44E2B7C11E9AD8CF001EC4A5 /* Sources */,
				44E2B7C21E9AD8CF001EC4A5 /* Frameworks */,
				44E2B7C31E9AD8CF001EC4A5 /* Resources */,
			);
			buildRules = (
			);
			dependencies = (
				44E2B7C71E9AD8CF001EC4A5 /* PBXTargetDependency */,
			);
			name = stockAppTests;
			productName = stockAppTests;
			productReference = 44E2B7C51E9AD8CF001EC4A5 /* stockAppTests.xctest */;
			productType = "com.apple.product-type.bundle.unit-test";
		};
		44E2B7CF1E9AD8CF001EC4A5 /* stockAppUITests */ = {
			isa = PBXNativeTarget;
			buildConfigurationList = 44E2B7DF1E9AD8CF001EC4A5 /* Build configuration list for PBXNativeTarget "stockAppUITests" */;
			buildPhases = (
				44E2B7CC1E9AD8CF001EC4A5 /* Sources */,
				44E2B7CD1E9AD8CF001EC4A5 /* Frameworks */,
				44E2B7CE1E9AD8CF001EC4A5 /* Resources */,
			);
			buildRules = (
			);
			dependencies = (
				44E2B7D21E9AD8CF001EC4A5 /* PBXTargetDependency */,
			);
			name = stockAppUITests;
			productName = stockAppUITests;
			productReference = 44E2B7D01E9AD8CF001EC4A5 /* stockAppUITests.xctest */;
			productType = "com.apple.product-type.bundle.ui-testing";
		};
/* End PBXNativeTarget section */

/* Begin PBXProject section */
		44E2B7A91E9AD8CF001EC4A5 /* Project object */ = {
			isa = PBXProject;
			attributes = {
				LastSwiftUpdateCheck = 0820;
				LastUpgradeCheck = 0820;
				ORGANIZATIONNAME = "David Sally";
				TargetAttributes = {
					44E2B7B01E9AD8CF001EC4A5 = {
						CreatedOnToolsVersion = 8.2.1;
						DevelopmentTeam = V66M6MFE7V;
						ProvisioningStyle = Automatic;
					};
					44E2B7C41E9AD8CF001EC4A5 = {
						CreatedOnToolsVersion = 8.2.1;
						DevelopmentTeam = V66M6MFE7V;
						ProvisioningStyle = Automatic;
						TestTargetID = 44E2B7B01E9AD8CF001EC4A5;
					};
					44E2B7CF1E9AD8CF001EC4A5 = {
						CreatedOnToolsVersion = 8.2.1;
						DevelopmentTeam = V66M6MFE7V;
						ProvisioningStyle = Automatic;
						TestTargetID = 44E2B7B01E9AD8CF001EC4A5;
					};
				};
			};
			buildConfigurationList = 44E2B7AC1E9AD8CF001EC4A5 /* Build configuration list for PBXProject "stockApp" */;
			compatibilityVersion = "Xcode 3.2";
			developmentRegion = English;
			hasScannedForEncodings = 0;
			knownRegions = (
				en,
				Base,
			);
			mainGroup = 44E2B7A81E9AD8CF001EC4A5;
			productRefGroup = 44E2B7B21E9AD8CF001EC4A5 /* Products */;
			projectDirPath = "";
			projectRoot = "";
			targets = (
				44E2B7B01E9AD8CF001EC4A5 /* stockApp */,
				44E2B7C41E9AD8CF001EC4A5 /* stockAppTests */,
				44E2B7CF1E9AD8CF001EC4A5 /* stockAppUITests */,
			);
		};
/* End PBXProject section */

/* Begin PBXResourcesBuildPhase section */
		44E2B7AF1E9AD8CF001EC4A5 /* Resources */ = {
			isa = PBXResourcesBuildPhase;
			buildActionMask = 2147483647;
			files = (
				4447E23E1EB072250071C66E /* NASDAQ.txt in Resources */,
				4447E2401EB124410071C66E /* Main.storyboard in Resources */,
				44E2B7BF1E9AD8CF001EC4A5 /* LaunchScreen.storyboard in Resources */,
				44E2B7BC1E9AD8CF001EC4A5 /* Assets.xcassets in Resources */,
				44EA9D711EC0162600308F08 /* NYSE.txt in Resources */,
			);
			runOnlyForDeploymentPostprocessing = 0;
		};
		44E2B7C31E9AD8CF001EC4A5 /* Resources */ = {
			isa = PBXResourcesBuildPhase;
			buildActionMask = 2147483647;
			files = (
			);
			runOnlyForDeploymentPostprocessing = 0;
		};
		44E2B7CE1E9AD8CF001EC4A5 /* Resources */ = {
			isa = PBXResourcesBuildPhase;
			buildActionMask = 2147483647;
			files = (
			);
			runOnlyForDeploymentPostprocessing = 0;
		};
/* End PBXResourcesBuildPhase section */

/* Begin PBXSourcesBuildPhase section */
		44E2B7AD1E9AD8CF001EC4A5 /* Sources */ = {
			isa = PBXSourcesBuildPhase;
			buildActionMask = 2147483647;
			files = (
				442D4FEA1EA1DF9600F04DC9 /* TradesViewer.swift in Sources */,
				4411E5CC1EA6B1D1005B1DA7 /* AlphaVantageAPI.swift in Sources */,
				44E2B7B71E9AD8CF001EC4A5 /* ViewController.swift in Sources */,
				448AF2D91E9B255C0020E44B /* PortfolioTableCell.swift in Sources */,
				44E2B7B51E9AD8CF001EC4A5 /* AppDelegate.swift in Sources */,
				44E2B7ED1E9B030D001EC4A5 /* TodayTableCell.swift in Sources */,
				44E2B7E31E9AE3B8001EC4A5 /* StockStore.swift in Sources */,
				449E20991EA6E09B00DAB216 /* TradeEditorViewViewController.swift in Sources */,
				449E209B1EA6EE1600DAB216 /* GoogleFinanceAPI.swift in Sources */,
				449E213E1EAD9F1500DAB216 /* FIlterTradesViewController.swift in Sources */,
				448AF2DD1E9B3C310020E44B /* DateEditorView.swift in Sources */,
				449E21381EAD5CBC00DAB216 /* StockList.swift in Sources */,
				4411E5CA1EA6B057005B1DA7 /* YahooStocksAPI.swift in Sources */,
				449E20F61EA9811F00DAB216 /* SwiftyJSON.swift in Sources */,
				448AF2DF1E9C48A90020E44B /* SettingsViewController.swift in Sources */,
				443DEAB61EA54ABF0069A3CA /* StockBuy.swift in Sources */,
				442D4FE81EA1929000F04DC9 /* Stock.swift in Sources */,
			);
			runOnlyForDeploymentPostprocessing = 0;
		};
		44E2B7C11E9AD8CF001EC4A5 /* Sources */ = {
			isa = PBXSourcesBuildPhase;
			buildActionMask = 2147483647;
			files = (
				44E2B7CA1E9AD8CF001EC4A5 /* stockAppTests.swift in Sources */,
			);
			runOnlyForDeploymentPostprocessing = 0;
		};
		44E2B7CC1E9AD8CF001EC4A5 /* Sources */ = {
			isa = PBXSourcesBuildPhase;
			buildActionMask = 2147483647;
			files = (
				44E2B7D51E9AD8CF001EC4A5 /* stockAppUITests.swift in Sources */,
			);
			runOnlyForDeploymentPostprocessing = 0;
		};
/* End PBXSourcesBuildPhase section */

/* Begin PBXTargetDependency section */
		44E2B7C71E9AD8CF001EC4A5 /* PBXTargetDependency */ = {
			isa = PBXTargetDependency;
			target = 44E2B7B01E9AD8CF001EC4A5 /* stockApp */;
			targetProxy = 44E2B7C61E9AD8CF001EC4A5 /* PBXContainerItemProxy */;
		};
		44E2B7D21E9AD8CF001EC4A5 /* PBXTargetDependency */ = {
			isa = PBXTargetDependency;
			target = 44E2B7B01E9AD8CF001EC4A5 /* stockApp */;
			targetProxy = 44E2B7D11E9AD8CF001EC4A5 /* PBXContainerItemProxy */;
		};
/* End PBXTargetDependency section */

/* Begin PBXVariantGroup section */
		44E2B7BD1E9AD8CF001EC4A5 /* LaunchScreen.storyboard */ = {
			isa = PBXVariantGroup;
			children = (
				44E2B7BE1E9AD8CF001EC4A5 /* Base */,
			);
			name = LaunchScreen.storyboard;
			sourceTree = "<group>";
		};
/* End PBXVariantGroup section */

/* Begin XCBuildConfiguration section */
		44E2B7D71E9AD8CF001EC4A5 /* Debug */ = {
			isa = XCBuildConfiguration;
			buildSettings = {
				ALWAYS_SEARCH_USER_PATHS = NO;
				CLANG_ANALYZER_NONNULL = YES;
				CLANG_CXX_LANGUAGE_STANDARD = "gnu++0x";
				CLANG_CXX_LIBRARY = "libc++";
				CLANG_ENABLE_MODULES = YES;
				CLANG_ENABLE_OBJC_ARC = YES;
				CLANG_WARN_BOOL_CONVERSION = YES;
				CLANG_WARN_CONSTANT_CONVERSION = YES;
				CLANG_WARN_DIRECT_OBJC_ISA_USAGE = YES_ERROR;
				CLANG_WARN_DOCUMENTATION_COMMENTS = YES;
				CLANG_WARN_EMPTY_BODY = YES;
				CLANG_WARN_ENUM_CONVERSION = YES;
				CLANG_WARN_INFINITE_RECURSION = YES;
				CLANG_WARN_INT_CONVERSION = YES;
				CLANG_WARN_OBJC_ROOT_CLASS = YES_ERROR;
				CLANG_WARN_SUSPICIOUS_MOVE = YES;
				CLANG_WARN_UNREACHABLE_CODE = YES;
				CLANG_WARN__DUPLICATE_METHOD_MATCH = YES;
				"CODE_SIGN_IDENTITY[sdk=iphoneos*]" = "iPhone Developer";
				COPY_PHASE_STRIP = NO;
				DEBUG_INFORMATION_FORMAT = dwarf;
				ENABLE_STRICT_OBJC_MSGSEND = YES;
				ENABLE_TESTABILITY = YES;
				GCC_C_LANGUAGE_STANDARD = gnu99;
				GCC_DYNAMIC_NO_PIC = NO;
				GCC_NO_COMMON_BLOCKS = YES;
				GCC_OPTIMIZATION_LEVEL = 0;
				GCC_PREPROCESSOR_DEFINITIONS = (
					"DEBUG=1",
					"$(inherited)",
				);
				GCC_WARN_64_TO_32_BIT_CONVERSION = YES;
				GCC_WARN_ABOUT_RETURN_TYPE = YES_ERROR;
				GCC_WARN_UNDECLARED_SELECTOR = YES;
				GCC_WARN_UNINITIALIZED_AUTOS = YES_AGGRESSIVE;
				GCC_WARN_UNUSED_FUNCTION = YES;
				GCC_WARN_UNUSED_VARIABLE = YES;
				IPHONEOS_DEPLOYMENT_TARGET = 10.2;
				MTL_ENABLE_DEBUG_INFO = YES;
				ONLY_ACTIVE_ARCH = YES;
				SDKROOT = iphoneos;
				SWIFT_ACTIVE_COMPILATION_CONDITIONS = DEBUG;
				SWIFT_OPTIMIZATION_LEVEL = "-Onone";
				TARGETED_DEVICE_FAMILY = "1,2";
			};
			name = Debug;
		};
		44E2B7D81E9AD8CF001EC4A5 /* Release */ = {
			isa = XCBuildConfiguration;
			buildSettings = {
				ALWAYS_SEARCH_USER_PATHS = NO;
				CLANG_ANALYZER_NONNULL = YES;
				CLANG_CXX_LANGUAGE_STANDARD = "gnu++0x";
				CLANG_CXX_LIBRARY = "libc++";
				CLANG_ENABLE_MODULES = YES;
				CLANG_ENABLE_OBJC_ARC = YES;
				CLANG_WARN_BOOL_CONVERSION = YES;
				CLANG_WARN_CONSTANT_CONVERSION = YES;
				CLANG_WARN_DIRECT_OBJC_ISA_USAGE = YES_ERROR;
				CLANG_WARN_DOCUMENTATION_COMMENTS = YES;
				CLANG_WARN_EMPTY_BODY = YES;
				CLANG_WARN_ENUM_CONVERSION = YES;
				CLANG_WARN_INFINITE_RECURSION = YES;
				CLANG_WARN_INT_CONVERSION = YES;
				CLANG_WARN_OBJC_ROOT_CLASS = YES_ERROR;
				CLANG_WARN_SUSPICIOUS_MOVE = YES;
				CLANG_WARN_UNREACHABLE_CODE = YES;
				CLANG_WARN__DUPLICATE_METHOD_MATCH = YES;
				"CODE_SIGN_IDENTITY[sdk=iphoneos*]" = "iPhone Developer";
				COPY_PHASE_STRIP = NO;
				DEBUG_INFORMATION_FORMAT = "dwarf-with-dsym";
				ENABLE_NS_ASSERTIONS = NO;
				ENABLE_STRICT_OBJC_MSGSEND = YES;
				GCC_C_LANGUAGE_STANDARD = gnu99;
				GCC_NO_COMMON_BLOCKS = YES;
				GCC_WARN_64_TO_32_BIT_CONVERSION = YES;
				GCC_WARN_ABOUT_RETURN_TYPE = YES_ERROR;
				GCC_WARN_UNDECLARED_SELECTOR = YES;
				GCC_WARN_UNINITIALIZED_AUTOS = YES_AGGRESSIVE;
				GCC_WARN_UNUSED_FUNCTION = YES;
				GCC_WARN_UNUSED_VARIABLE = YES;
				IPHONEOS_DEPLOYMENT_TARGET = 10.2;
				MTL_ENABLE_DEBUG_INFO = NO;
				SDKROOT = iphoneos;
				SWIFT_OPTIMIZATION_LEVEL = "-Owholemodule";
				TARGETED_DEVICE_FAMILY = "1,2";
				VALIDATE_PRODUCT = YES;
			};
			name = Release;
		};
		44E2B7DA1E9AD8CF001EC4A5 /* Debug */ = {
			isa = XCBuildConfiguration;
			buildSettings = {
				ASSETCATALOG_COMPILER_APPICON_NAME = AppIcon;
				"CODE_SIGN_IDENTITY[sdk=iphoneos*]" = "iPhone Developer";
				DEVELOPMENT_TEAM = V66M6MFE7V;
				INFOPLIST_FILE = stockApp/Info.plist;
				IPHONEOS_DEPLOYMENT_TARGET = 10.0;
				LD_RUNPATH_SEARCH_PATHS = "$(inherited) @executable_path/Frameworks";
				PRODUCT_BUNDLE_IDENTIFIER = stockApp.bundle;
				PRODUCT_NAME = "$(TARGET_NAME)";
				PROVISIONING_PROFILE_SPECIFIER = "";
				SWIFT_VERSION = 3.0;
			};
			name = Debug;
		};
		44E2B7DB1E9AD8CF001EC4A5 /* Release */ = {
			isa = XCBuildConfiguration;
			buildSettings = {
				ASSETCATALOG_COMPILER_APPICON_NAME = AppIcon;
				"CODE_SIGN_IDENTITY[sdk=iphoneos*]" = "iPhone Developer";
				DEVELOPMENT_TEAM = V66M6MFE7V;
				INFOPLIST_FILE = stockApp/Info.plist;
				IPHONEOS_DEPLOYMENT_TARGET = 10.0;
				LD_RUNPATH_SEARCH_PATHS = "$(inherited) @executable_path/Frameworks";
				PRODUCT_BUNDLE_IDENTIFIER = stockApp.bundle;
				PRODUCT_NAME = "$(TARGET_NAME)";
				PROVISIONING_PROFILE_SPECIFIER = "";
				SWIFT_VERSION = 3.0;
			};
			name = Release;
		};
		44E2B7DD1E9AD8CF001EC4A5 /* Debug */ = {
			isa = XCBuildConfiguration;
			buildSettings = {
				ALWAYS_EMBED_SWIFT_STANDARD_LIBRARIES = YES;
				BUNDLE_LOADER = "$(TEST_HOST)";
				DEVELOPMENT_TEAM = V66M6MFE7V;
				INFOPLIST_FILE = stockAppTests/Info.plist;
				LD_RUNPATH_SEARCH_PATHS = "$(inherited) @executable_path/Frameworks @loader_path/Frameworks";
				PRODUCT_BUNDLE_IDENTIFIER = davidcsally.stockAppTests;
				PRODUCT_NAME = "$(TARGET_NAME)";
				SWIFT_VERSION = 3.0;
				TEST_HOST = "$(BUILT_PRODUCTS_DIR)/stockApp.app/stockApp";
			};
			name = Debug;
		};
		44E2B7DE1E9AD8CF001EC4A5 /* Release */ = {
			isa = XCBuildConfiguration;
			buildSettings = {
				ALWAYS_EMBED_SWIFT_STANDARD_LIBRARIES = YES;
				BUNDLE_LOADER = "$(TEST_HOST)";
				DEVELOPMENT_TEAM = V66M6MFE7V;
				INFOPLIST_FILE = stockAppTests/Info.plist;
				LD_RUNPATH_SEARCH_PATHS = "$(inherited) @executable_path/Frameworks @loader_path/Frameworks";
				PRODUCT_BUNDLE_IDENTIFIER = davidcsally.stockAppTests;
				PRODUCT_NAME = "$(TARGET_NAME)";
				SWIFT_VERSION = 3.0;
				TEST_HOST = "$(BUILT_PRODUCTS_DIR)/stockApp.app/stockApp";
			};
			name = Release;
		};
		44E2B7E01E9AD8CF001EC4A5 /* Debug */ = {
			isa = XCBuildConfiguration;
			buildSettings = {
				ALWAYS_EMBED_SWIFT_STANDARD_LIBRARIES = YES;
				DEVELOPMENT_TEAM = V66M6MFE7V;
				INFOPLIST_FILE = stockAppUITests/Info.plist;
				LD_RUNPATH_SEARCH_PATHS = "$(inherited) @executable_path/Frameworks @loader_path/Frameworks";
				PRODUCT_BUNDLE_IDENTIFIER = davidcsally.stockAppUITests;
				PRODUCT_NAME = "$(TARGET_NAME)";
				SWIFT_VERSION = 3.0;
				TEST_TARGET_NAME = stockApp;
			};
			name = Debug;
		};
		44E2B7E11E9AD8CF001EC4A5 /* Release */ = {
			isa = XCBuildConfiguration;
			buildSettings = {
				ALWAYS_EMBED_SWIFT_STANDARD_LIBRARIES = YES;
				DEVELOPMENT_TEAM = V66M6MFE7V;
				INFOPLIST_FILE = stockAppUITests/Info.plist;
				LD_RUNPATH_SEARCH_PATHS = "$(inherited) @executable_path/Frameworks @loader_path/Frameworks";
				PRODUCT_BUNDLE_IDENTIFIER = davidcsally.stockAppUITests;
				PRODUCT_NAME = "$(TARGET_NAME)";
				SWIFT_VERSION = 3.0;
				TEST_TARGET_NAME = stockApp;
			};
			name = Release;
		};
/* End XCBuildConfiguration section */

/* Begin XCConfigurationList section */
		44E2B7AC1E9AD8CF001EC4A5 /* Build configuration list for PBXProject "stockApp" */ = {
			isa = XCConfigurationList;
			buildConfigurations = (
				44E2B7D71E9AD8CF001EC4A5 /* Debug */,
				44E2B7D81E9AD8CF001EC4A5 /* Release */,
			);
			defaultConfigurationIsVisible = 0;
			defaultConfigurationName = Release;
		};
		44E2B7D91E9AD8CF001EC4A5 /* Build configuration list for PBXNativeTarget "stockApp" */ = {
			isa = XCConfigurationList;
			buildConfigurations = (
				44E2B7DA1E9AD8CF001EC4A5 /* Debug */,
				44E2B7DB1E9AD8CF001EC4A5 /* Release */,
			);
			defaultConfigurationIsVisible = 0;
			defaultConfigurationName = Release;
		};
		44E2B7DC1E9AD8CF001EC4A5 /* Build configuration list for PBXNativeTarget "stockAppTests" */ = {
			isa = XCConfigurationList;
			buildConfigurations = (
				44E2B7DD1E9AD8CF001EC4A5 /* Debug */,
				44E2B7DE1E9AD8CF001EC4A5 /* Release */,
			);
			defaultConfigurationIsVisible = 0;
			defaultConfigurationName = Release;
		};
		44E2B7DF1E9AD8CF001EC4A5 /* Build configuration list for PBXNativeTarget "stockAppUITests" */ = {
			isa = XCConfigurationList;
			buildConfigurations = (
				44E2B7E01E9AD8CF001EC4A5 /* Debug */,
				44E2B7E11E9AD8CF001EC4A5 /* Release */,
			);
			defaultConfigurationIsVisible = 0;
			defaultConfigurationName = Release;
		};
/* End XCConfigurationList section */
	};
	rootObject = 44E2B7A91E9AD8CF001EC4A5 /* Project object */;
}
